// !$*UTF8*$!
{
	archiveVersion = 1;
	classes = {
	};
	objectVersion = 46;
	objects = {

/* Begin PBXBuildFile section */
		34101C941D556AB3004143E9 /* donald_sound_death1.wav in Resources */ = {isa = PBXBuildFile; fileRef = 34101C881D556AB3004143E9 /* donald_sound_death1.wav */; };
		34101C951D556AB3004143E9 /* donald_sound_death2.wav in Resources */ = {isa = PBXBuildFile; fileRef = 34101C891D556AB3004143E9 /* donald_sound_death2.wav */; };
		34101C961D556AB3004143E9 /* donald_sound_death3.wav in Resources */ = {isa = PBXBuildFile; fileRef = 34101C8A1D556AB3004143E9 /* donald_sound_death3.wav */; };
		34101C971D556AB3004143E9 /* donald_sound_death4.wav in Resources */ = {isa = PBXBuildFile; fileRef = 34101C8B1D556AB3004143E9 /* donald_sound_death4.wav */; };
		34101C981D556AB3004143E9 /* donald_sound1.wav in Resources */ = {isa = PBXBuildFile; fileRef = 34101C8C1D556AB3004143E9 /* donald_sound1.wav */; };
		34101C991D556AB3004143E9 /* donald_sound2.wav in Resources */ = {isa = PBXBuildFile; fileRef = 34101C8D1D556AB3004143E9 /* donald_sound2.wav */; };
		34101C9A1D556AB3004143E9 /* donald_sound3.wav in Resources */ = {isa = PBXBuildFile; fileRef = 34101C8E1D556AB3004143E9 /* donald_sound3.wav */; };
		34101C9B1D556AB3004143E9 /* donald_sound4.wav in Resources */ = {isa = PBXBuildFile; fileRef = 34101C8F1D556AB3004143E9 /* donald_sound4.wav */; };
		34101C9C1D556AB3004143E9 /* donald_sound5.wav in Resources */ = {isa = PBXBuildFile; fileRef = 34101C901D556AB3004143E9 /* donald_sound5.wav */; };
		34101C9D1D556AB3004143E9 /* donald_sound6.wav in Resources */ = {isa = PBXBuildFile; fileRef = 34101C911D556AB3004143E9 /* donald_sound6.wav */; };
		34101C9E1D556AB3004143E9 /* donald_sound7.wav in Resources */ = {isa = PBXBuildFile; fileRef = 34101C921D556AB3004143E9 /* donald_sound7.wav */; };
		34101C9F1D556AB3004143E9 /* donald_sound8.wav in Resources */ = {isa = PBXBuildFile; fileRef = 34101C931D556AB3004143E9 /* donald_sound8.wav */; };
		34101CA51D556AC9004143E9 /* hillary_sound1.wav in Resources */ = {isa = PBXBuildFile; fileRef = 34101CA01D556AC9004143E9 /* hillary_sound1.wav */; };
		34101CA61D556AC9004143E9 /* hillary_sound2.wav in Resources */ = {isa = PBXBuildFile; fileRef = 34101CA11D556AC9004143E9 /* hillary_sound2.wav */; };
		34101CA71D556AC9004143E9 /* hillary_sound3.wav in Resources */ = {isa = PBXBuildFile; fileRef = 34101CA21D556AC9004143E9 /* hillary_sound3.wav */; };
		34101CA81D556AC9004143E9 /* hillary_sound4.wav in Resources */ = {isa = PBXBuildFile; fileRef = 34101CA31D556AC9004143E9 /* hillary_sound4.wav */; };
		34101CA91D556AC9004143E9 /* hillary_sound5.wav in Resources */ = {isa = PBXBuildFile; fileRef = 34101CA41D556AC9004143E9 /* hillary_sound5.wav */; };
		34101CAF1D56B52F004143E9 /* Reachability.swift in Sources */ = {isa = PBXBuildFile; fileRef = 34101CAE1D56B52F004143E9 /* Reachability.swift */; };
		34101CB91D5A7A24004143E9 /* hillary_sound6.wav in Resources */ = {isa = PBXBuildFile; fileRef = 34101CB81D5A7A24004143E9 /* hillary_sound6.wav */; };
		34101CBE1D5A7A30004143E9 /* hillary_sound_death1.wav in Resources */ = {isa = PBXBuildFile; fileRef = 34101CBA1D5A7A30004143E9 /* hillary_sound_death1.wav */; };
		34101CBF1D5A7A30004143E9 /* hillary_sound_death2.wav in Resources */ = {isa = PBXBuildFile; fileRef = 34101CBB1D5A7A30004143E9 /* hillary_sound_death2.wav */; };
		34101CC01D5A7A30004143E9 /* hillary_sound_death3.wav in Resources */ = {isa = PBXBuildFile; fileRef = 34101CBC1D5A7A30004143E9 /* hillary_sound_death3.wav */; };
		34101CC11D5A7A30004143E9 /* hillary_sound_death4.wav in Resources */ = {isa = PBXBuildFile; fileRef = 34101CBD1D5A7A30004143E9 /* hillary_sound_death4.wav */; };
		34101CCB1D5C3F44004143E9 /* GoogleMobileAds.framework in Frameworks */ = {isa = PBXBuildFile; fileRef = 34101CCA1D5C3F44004143E9 /* GoogleMobileAds.framework */; };
		346966241D5262CE0026FDD0 /* AppDelegate.swift in Sources */ = {isa = PBXBuildFile; fileRef = 346966231D5262CE0026FDD0 /* AppDelegate.swift */; };
		346966261D5262CE0026FDD0 /* GameScene.sks in Resources */ = {isa = PBXBuildFile; fileRef = 346966251D5262CE0026FDD0 /* GameScene.sks */; };
		346966281D5262CE0026FDD0 /* GameScene.swift in Sources */ = {isa = PBXBuildFile; fileRef = 346966271D5262CE0026FDD0 /* GameScene.swift */; };
		3469662A1D5262CE0026FDD0 /* GameViewController.swift in Sources */ = {isa = PBXBuildFile; fileRef = 346966291D5262CE0026FDD0 /* GameViewController.swift */; };
		3469662D1D5262CE0026FDD0 /* Main.storyboard in Resources */ = {isa = PBXBuildFile; fileRef = 3469662B1D5262CE0026FDD0 /* Main.storyboard */; };
		3469662F1D5262CE0026FDD0 /* Assets.xcassets in Resources */ = {isa = PBXBuildFile; fileRef = 3469662E1D5262CE0026FDD0 /* Assets.xcassets */; };
		346966321D5262CE0026FDD0 /* LaunchScreen.storyboard in Resources */ = {isa = PBXBuildFile; fileRef = 346966301D5262CE0026FDD0 /* LaunchScreen.storyboard */; };
		3469663D1D5262CE0026FDD0 /* Flappy_PresTests.swift in Sources */ = {isa = PBXBuildFile; fileRef = 3469663C1D5262CE0026FDD0 /* Flappy_PresTests.swift */; };
		346966481D5262CE0026FDD0 /* Flappy_PresUITests.swift in Sources */ = {isa = PBXBuildFile; fileRef = 346966471D5262CE0026FDD0 /* Flappy_PresUITests.swift */; };
		346966561D5263AB0026FDD0 /* MenuScene.swift in Sources */ = {isa = PBXBuildFile; fileRef = 346966551D5263AB0026FDD0 /* MenuScene.swift */; };
		346966581D5263C00026FDD0 /* PhysicsCategory.swift in Sources */ = {isa = PBXBuildFile; fileRef = 346966571D5263C00026FDD0 /* PhysicsCategory.swift */; };
		348B8F8A1D533C9A000C2360 /* GoogleService-Info.plist in Resources */ = {isa = PBXBuildFile; fileRef = 348B8F891D533C9A000C2360 /* GoogleService-Info.plist */; };
		348B8F8C1D53B45A000C2360 /* Social.framework in Frameworks */ = {isa = PBXBuildFile; fileRef = 348B8F8B1D53B45A000C2360 /* Social.framework */; };
		34E8F2301D52684F003651F7 /* coin.mp3 in Resources */ = {isa = PBXBuildFile; fileRef = 34E8F2221D52684F003651F7 /* coin.mp3 */; };
		34E8F2311D52684F003651F7 /* hit.mp3 in Resources */ = {isa = PBXBuildFile; fileRef = 34E8F2231D52684F003651F7 /* hit.mp3 */; };
		34E8F2321D52684F003651F7 /* sfx_swooshing.mp3 in Resources */ = {isa = PBXBuildFile; fileRef = 34E8F2241D52684F003651F7 /* sfx_swooshing.mp3 */; };
		34E8F2331D52684F003651F7 /* sfx_wing.mp3 in Resources */ = {isa = PBXBuildFile; fileRef = 34E8F2251D52684F003651F7 /* sfx_wing.mp3 */; };
		6B81ADD1BB9688EF22AAE9EF /* libPods.a in Frameworks */ = {isa = PBXBuildFile; fileRef = 4FA8AB4C0792BE36F271C9D0 /* libPods.a */; };
/* End PBXBuildFile section */

/* Begin PBXContainerItemProxy section */
		346966391D5262CE0026FDD0 /* PBXContainerItemProxy */ = {
			isa = PBXContainerItemProxy;
			containerPortal = 346966181D5262CE0026FDD0 /* Project object */;
			proxyType = 1;
			remoteGlobalIDString = 3469661F1D5262CE0026FDD0;
			remoteInfo = "Flappy Pres";
		};
		346966441D5262CE0026FDD0 /* PBXContainerItemProxy */ = {
			isa = PBXContainerItemProxy;
			containerPortal = 346966181D5262CE0026FDD0 /* Project object */;
			proxyType = 1;
			remoteGlobalIDString = 3469661F1D5262CE0026FDD0;
			remoteInfo = "Flappy Pres";
		};
/* End PBXContainerItemProxy section */

/* Begin PBXFileReference section */
		0633966DEF8D9B85D2671B1C /* Pods.debug.xcconfig */ = {isa = PBXFileReference; includeInIndex = 1; lastKnownFileType = text.xcconfig; name = Pods.debug.xcconfig; path = "Pods/Target Support Files/Pods/Pods.debug.xcconfig"; sourceTree = "<group>"; };
		0B4C972A710FF17F97B1A410 /* Pods.release.xcconfig */ = {isa = PBXFileReference; includeInIndex = 1; lastKnownFileType = text.xcconfig; name = Pods.release.xcconfig; path = "Pods/Target Support Files/Pods/Pods.release.xcconfig"; sourceTree = "<group>"; };
		34101C881D556AB3004143E9 /* donald_sound_death1.wav */ = {isa = PBXFileReference; lastKnownFileType = audio.wav; path = donald_sound_death1.wav; sourceTree = "<group>"; };
		34101C891D556AB3004143E9 /* donald_sound_death2.wav */ = {isa = PBXFileReference; lastKnownFileType = audio.wav; path = donald_sound_death2.wav; sourceTree = "<group>"; };
		34101C8A1D556AB3004143E9 /* donald_sound_death3.wav */ = {isa = PBXFileReference; lastKnownFileType = audio.wav; path = donald_sound_death3.wav; sourceTree = "<group>"; };
		34101C8B1D556AB3004143E9 /* donald_sound_death4.wav */ = {isa = PBXFileReference; lastKnownFileType = audio.wav; path = donald_sound_death4.wav; sourceTree = "<group>"; };
		34101C8C1D556AB3004143E9 /* donald_sound1.wav */ = {isa = PBXFileReference; lastKnownFileType = audio.wav; path = donald_sound1.wav; sourceTree = "<group>"; };
		34101C8D1D556AB3004143E9 /* donald_sound2.wav */ = {isa = PBXFileReference; lastKnownFileType = audio.wav; path = donald_sound2.wav; sourceTree = "<group>"; };
		34101C8E1D556AB3004143E9 /* donald_sound3.wav */ = {isa = PBXFileReference; lastKnownFileType = audio.wav; path = donald_sound3.wav; sourceTree = "<group>"; };
		34101C8F1D556AB3004143E9 /* donald_sound4.wav */ = {isa = PBXFileReference; lastKnownFileType = audio.wav; path = donald_sound4.wav; sourceTree = "<group>"; };
		34101C901D556AB3004143E9 /* donald_sound5.wav */ = {isa = PBXFileReference; lastKnownFileType = audio.wav; path = donald_sound5.wav; sourceTree = "<group>"; };
		34101C911D556AB3004143E9 /* donald_sound6.wav */ = {isa = PBXFileReference; lastKnownFileType = audio.wav; path = donald_sound6.wav; sourceTree = "<group>"; };
		34101C921D556AB3004143E9 /* donald_sound7.wav */ = {isa = PBXFileReference; lastKnownFileType = audio.wav; path = donald_sound7.wav; sourceTree = "<group>"; };
		34101C931D556AB3004143E9 /* donald_sound8.wav */ = {isa = PBXFileReference; lastKnownFileType = audio.wav; path = donald_sound8.wav; sourceTree = "<group>"; };
		34101CA01D556AC9004143E9 /* hillary_sound1.wav */ = {isa = PBXFileReference; lastKnownFileType = audio.wav; path = hillary_sound1.wav; sourceTree = "<group>"; };
		34101CA11D556AC9004143E9 /* hillary_sound2.wav */ = {isa = PBXFileReference; lastKnownFileType = audio.wav; path = hillary_sound2.wav; sourceTree = "<group>"; };
		34101CA21D556AC9004143E9 /* hillary_sound3.wav */ = {isa = PBXFileReference; lastKnownFileType = audio.wav; path = hillary_sound3.wav; sourceTree = "<group>"; };
		34101CA31D556AC9004143E9 /* hillary_sound4.wav */ = {isa = PBXFileReference; lastKnownFileType = audio.wav; path = hillary_sound4.wav; sourceTree = "<group>"; };
		34101CA41D556AC9004143E9 /* hillary_sound5.wav */ = {isa = PBXFileReference; lastKnownFileType = audio.wav; path = hillary_sound5.wav; sourceTree = "<group>"; };
		34101CAE1D56B52F004143E9 /* Reachability.swift */ = {isa = PBXFileReference; fileEncoding = 4; lastKnownFileType = sourcecode.swift; path = Reachability.swift; sourceTree = "<group>"; };
		34101CB81D5A7A24004143E9 /* hillary_sound6.wav */ = {isa = PBXFileReference; lastKnownFileType = audio.wav; path = hillary_sound6.wav; sourceTree = "<group>"; };
		34101CBA1D5A7A30004143E9 /* hillary_sound_death1.wav */ = {isa = PBXFileReference; lastKnownFileType = audio.wav; path = hillary_sound_death1.wav; sourceTree = "<group>"; };
		34101CBB1D5A7A30004143E9 /* hillary_sound_death2.wav */ = {isa = PBXFileReference; lastKnownFileType = audio.wav; path = hillary_sound_death2.wav; sourceTree = "<group>"; };
		34101CBC1D5A7A30004143E9 /* hillary_sound_death3.wav */ = {isa = PBXFileReference; lastKnownFileType = audio.wav; path = hillary_sound_death3.wav; sourceTree = "<group>"; };
		34101CBD1D5A7A30004143E9 /* hillary_sound_death4.wav */ = {isa = PBXFileReference; lastKnownFileType = audio.wav; path = hillary_sound_death4.wav; sourceTree = "<group>"; };
		34101CCA1D5C3F44004143E9 /* GoogleMobileAds.framework */ = {isa = PBXFileReference; lastKnownFileType = wrapper.framework; path = GoogleMobileAds.framework; sourceTree = "<group>"; };
		346966201D5262CE0026FDD0 /* Flappy Pres.app */ = {isa = PBXFileReference; explicitFileType = wrapper.application; includeInIndex = 0; path = "Flappy Pres.app"; sourceTree = BUILT_PRODUCTS_DIR; };
		346966231D5262CE0026FDD0 /* AppDelegate.swift */ = {isa = PBXFileReference; lastKnownFileType = sourcecode.swift; path = AppDelegate.swift; sourceTree = "<group>"; };
		346966251D5262CE0026FDD0 /* GameScene.sks */ = {isa = PBXFileReference; lastKnownFileType = file.sks; path = GameScene.sks; sourceTree = "<group>"; };
		346966271D5262CE0026FDD0 /* GameScene.swift */ = {isa = PBXFileReference; lastKnownFileType = sourcecode.swift; path = GameScene.swift; sourceTree = "<group>"; };
		346966291D5262CE0026FDD0 /* GameViewController.swift */ = {isa = PBXFileReference; lastKnownFileType = sourcecode.swift; path = GameViewController.swift; sourceTree = "<group>"; };
		3469662C1D5262CE0026FDD0 /* Base */ = {isa = PBXFileReference; lastKnownFileType = file.storyboard; name = Base; path = Base.lproj/Main.storyboard; sourceTree = "<group>"; };
		3469662E1D5262CE0026FDD0 /* Assets.xcassets */ = {isa = PBXFileReference; lastKnownFileType = folder.assetcatalog; path = Assets.xcassets; sourceTree = "<group>"; };
		346966311D5262CE0026FDD0 /* Base */ = {isa = PBXFileReference; lastKnownFileType = file.storyboard; name = Base; path = Base.lproj/LaunchScreen.storyboard; sourceTree = "<group>"; };
		346966331D5262CE0026FDD0 /* Info.plist */ = {isa = PBXFileReference; lastKnownFileType = text.plist.xml; path = Info.plist; sourceTree = "<group>"; };
		346966381D5262CE0026FDD0 /* Flappy PresTests.xctest */ = {isa = PBXFileReference; explicitFileType = wrapper.cfbundle; includeInIndex = 0; path = "Flappy PresTests.xctest"; sourceTree = BUILT_PRODUCTS_DIR; };
		3469663C1D5262CE0026FDD0 /* Flappy_PresTests.swift */ = {isa = PBXFileReference; lastKnownFileType = sourcecode.swift; path = Flappy_PresTests.swift; sourceTree = "<group>"; };
		3469663E1D5262CE0026FDD0 /* Info.plist */ = {isa = PBXFileReference; lastKnownFileType = text.plist.xml; path = Info.plist; sourceTree = "<group>"; };
		346966431D5262CE0026FDD0 /* Flappy PresUITests.xctest */ = {isa = PBXFileReference; explicitFileType = wrapper.cfbundle; includeInIndex = 0; path = "Flappy PresUITests.xctest"; sourceTree = BUILT_PRODUCTS_DIR; };
		346966471D5262CE0026FDD0 /* Flappy_PresUITests.swift */ = {isa = PBXFileReference; lastKnownFileType = sourcecode.swift; path = Flappy_PresUITests.swift; sourceTree = "<group>"; };
		346966491D5262CE0026FDD0 /* Info.plist */ = {isa = PBXFileReference; lastKnownFileType = text.plist.xml; path = Info.plist; sourceTree = "<group>"; };
		346966551D5263AB0026FDD0 /* MenuScene.swift */ = {isa = PBXFileReference; fileEncoding = 4; lastKnownFileType = sourcecode.swift; path = MenuScene.swift; sourceTree = "<group>"; };
		346966571D5263C00026FDD0 /* PhysicsCategory.swift */ = {isa = PBXFileReference; fileEncoding = 4; lastKnownFileType = sourcecode.swift; path = PhysicsCategory.swift; sourceTree = "<group>"; };
		348B8F891D533C9A000C2360 /* GoogleService-Info.plist */ = {isa = PBXFileReference; fileEncoding = 4; lastKnownFileType = text.plist.xml; path = "GoogleService-Info.plist"; sourceTree = "<group>"; };
		348B8F8B1D53B45A000C2360 /* Social.framework */ = {isa = PBXFileReference; lastKnownFileType = wrapper.framework; name = Social.framework; path = System/Library/Frameworks/Social.framework; sourceTree = SDKROOT; };
		34D36B8B1D5434C400C9E728 /* GoogleMobileAds.framework */ = {isa = PBXFileReference; lastKnownFileType = wrapper.framework; name = GoogleMobileAds.framework; path = "../../../Downloads/GoogleMobileAdsSdkiOS-7.9.1 6/GoogleMobileAds.framework"; sourceTree = "<group>"; };
		34E8F21B1D526538003651F7 /* Header.h */ = {isa = PBXFileReference; lastKnownFileType = sourcecode.c.h; path = Header.h; sourceTree = "<group>"; };
		34E8F2221D52684F003651F7 /* coin.mp3 */ = {isa = PBXFileReference; lastKnownFileType = audio.mp3; path = coin.mp3; sourceTree = "<group>"; };
		34E8F2231D52684F003651F7 /* hit.mp3 */ = {isa = PBXFileReference; lastKnownFileType = audio.mp3; path = hit.mp3; sourceTree = "<group>"; };
		34E8F2241D52684F003651F7 /* sfx_swooshing.mp3 */ = {isa = PBXFileReference; lastKnownFileType = audio.mp3; path = sfx_swooshing.mp3; sourceTree = "<group>"; };
		34E8F2251D52684F003651F7 /* sfx_wing.mp3 */ = {isa = PBXFileReference; lastKnownFileType = audio.mp3; path = sfx_wing.mp3; sourceTree = "<group>"; };
		4FA8AB4C0792BE36F271C9D0 /* libPods.a */ = {isa = PBXFileReference; explicitFileType = archive.ar; includeInIndex = 0; path = libPods.a; sourceTree = BUILT_PRODUCTS_DIR; };
/* End PBXFileReference section */

/* Begin PBXFrameworksBuildPhase section */
		3469661D1D5262CE0026FDD0 /* Frameworks */ = {
			isa = PBXFrameworksBuildPhase;
			buildActionMask = 2147483647;
			files = (
				34101CCB1D5C3F44004143E9 /* GoogleMobileAds.framework in Frameworks */,
				348B8F8C1D53B45A000C2360 /* Social.framework in Frameworks */,
				6B81ADD1BB9688EF22AAE9EF /* libPods.a in Frameworks */,
			);
			runOnlyForDeploymentPostprocessing = 0;
		};
		346966351D5262CE0026FDD0 /* Frameworks */ = {
			isa = PBXFrameworksBuildPhase;
			buildActionMask = 2147483647;
			files = (
			);
			runOnlyForDeploymentPostprocessing = 0;
		};
		346966401D5262CE0026FDD0 /* Frameworks */ = {
			isa = PBXFrameworksBuildPhase;
			buildActionMask = 2147483647;
			files = (
			);
			runOnlyForDeploymentPostprocessing = 0;
		};
/* End PBXFrameworksBuildPhase section */

/* Begin PBXGroup section */
		037E442947D77886450B041B /* Frameworks */ = {
			isa = PBXGroup;
			children = (
				34D36B8B1D5434C400C9E728 /* GoogleMobileAds.framework */,
				348B8F8B1D53B45A000C2360 /* Social.framework */,
				4FA8AB4C0792BE36F271C9D0 /* libPods.a */,
			);
			name = Frameworks;
			sourceTree = "<group>";
		};
		346966171D5262CE0026FDD0 = {
			isa = PBXGroup;
			children = (
				346966221D5262CE0026FDD0 /* Flappy Pres */,
				3469663B1D5262CE0026FDD0 /* Flappy PresTests */,
				346966461D5262CE0026FDD0 /* Flappy PresUITests */,
				346966211D5262CE0026FDD0 /* Products */,
				65C2AAA25CCBF0D9AB1315DF /* Pods */,
				037E442947D77886450B041B /* Frameworks */,
			);
			sourceTree = "<group>";
		};
		346966211D5262CE0026FDD0 /* Products */ = {
			isa = PBXGroup;
			children = (
				346966201D5262CE0026FDD0 /* Flappy Pres.app */,
				346966381D5262CE0026FDD0 /* Flappy PresTests.xctest */,
				346966431D5262CE0026FDD0 /* Flappy PresUITests.xctest */,
			);
			name = Products;
			sourceTree = "<group>";
		};
		346966221D5262CE0026FDD0 /* Flappy Pres */ = {
			isa = PBXGroup;
			children = (
				34101CCA1D5C3F44004143E9 /* GoogleMobileAds.framework */,
				348B8F891D533C9A000C2360 /* GoogleService-Info.plist */,
				346966551D5263AB0026FDD0 /* MenuScene.swift */,
				34101CAE1D56B52F004143E9 /* Reachability.swift */,
				346966571D5263C00026FDD0 /* PhysicsCategory.swift */,
				346966231D5262CE0026FDD0 /* AppDelegate.swift */,
				346966251D5262CE0026FDD0 /* GameScene.sks */,
				346966271D5262CE0026FDD0 /* GameScene.swift */,
				346966291D5262CE0026FDD0 /* GameViewController.swift */,
				34E8F21B1D526538003651F7 /* Header.h */,
				3469662B1D5262CE0026FDD0 /* Main.storyboard */,
				3469662E1D5262CE0026FDD0 /* Assets.xcassets */,
				346966301D5262CE0026FDD0 /* LaunchScreen.storyboard */,
				346966331D5262CE0026FDD0 /* Info.plist */,
				34E8F2201D52684F003651F7 /* sounds */,
			);
			path = "Flappy Pres";
			sourceTree = "<group>";
		};
		3469663B1D5262CE0026FDD0 /* Flappy PresTests */ = {
			isa = PBXGroup;
			children = (
				3469663C1D5262CE0026FDD0 /* Flappy_PresTests.swift */,
				3469663E1D5262CE0026FDD0 /* Info.plist */,
			);
			path = "Flappy PresTests";
			sourceTree = "<group>";
		};
		346966461D5262CE0026FDD0 /* Flappy PresUITests */ = {
			isa = PBXGroup;
			children = (
				346966471D5262CE0026FDD0 /* Flappy_PresUITests.swift */,
				346966491D5262CE0026FDD0 /* Info.plist */,
			);
			path = "Flappy PresUITests";
			sourceTree = "<group>";
		};
		34E8F2201D52684F003651F7 /* sounds */ = {
			isa = PBXGroup;
			children = (
				34E8F2211D52684F003651F7 /* flappy sounds */,
				34E8F2261D52684F003651F7 /* hillary sounds */,
				34E8F2281D52684F003651F7 /* trump sounds */,
			);
			path = sounds;
			sourceTree = "<group>";
		};
		34E8F2211D52684F003651F7 /* flappy sounds */ = {
			isa = PBXGroup;
			children = (
				34E8F2221D52684F003651F7 /* coin.mp3 */,
				34E8F2231D52684F003651F7 /* hit.mp3 */,
				34E8F2241D52684F003651F7 /* sfx_swooshing.mp3 */,
				34E8F2251D52684F003651F7 /* sfx_wing.mp3 */,
			);
			path = "flappy sounds";
			sourceTree = "<group>";
		};
		34E8F2261D52684F003651F7 /* hillary sounds */ = {
			isa = PBXGroup;
			children = (
				34101CA01D556AC9004143E9 /* hillary_sound1.wav */,
				34101CA11D556AC9004143E9 /* hillary_sound2.wav */,
				34101CA21D556AC9004143E9 /* hillary_sound3.wav */,
				34101CA31D556AC9004143E9 /* hillary_sound4.wav */,
				34101CA41D556AC9004143E9 /* hillary_sound5.wav */,
				34101CB81D5A7A24004143E9 /* hillary_sound6.wav */,
				34101CBA1D5A7A30004143E9 /* hillary_sound_death1.wav */,
				34101CBB1D5A7A30004143E9 /* hillary_sound_death2.wav */,
				34101CBC1D5A7A30004143E9 /* hillary_sound_death3.wav */,
				34101CBD1D5A7A30004143E9 /* hillary_sound_death4.wav */,
			);
			path = "hillary sounds";
			sourceTree = "<group>";
		};
		34E8F2281D52684F003651F7 /* trump sounds */ = {
			isa = PBXGroup;
			children = (
				34101C881D556AB3004143E9 /* donald_sound_death1.wav */,
				34101C891D556AB3004143E9 /* donald_sound_death2.wav */,
				34101C8A1D556AB3004143E9 /* donald_sound_death3.wav */,
				34101C8B1D556AB3004143E9 /* donald_sound_death4.wav */,
				34101C8C1D556AB3004143E9 /* donald_sound1.wav */,
				34101C8D1D556AB3004143E9 /* donald_sound2.wav */,
				34101C8E1D556AB3004143E9 /* donald_sound3.wav */,
				34101C8F1D556AB3004143E9 /* donald_sound4.wav */,
				34101C901D556AB3004143E9 /* donald_sound5.wav */,
				34101C911D556AB3004143E9 /* donald_sound6.wav */,
				34101C921D556AB3004143E9 /* donald_sound7.wav */,
				34101C931D556AB3004143E9 /* donald_sound8.wav */,
			);
			path = "trump sounds";
			sourceTree = "<group>";
		};
		65C2AAA25CCBF0D9AB1315DF /* Pods */ = {
			isa = PBXGroup;
			children = (
				0633966DEF8D9B85D2671B1C /* Pods.debug.xcconfig */,
				0B4C972A710FF17F97B1A410 /* Pods.release.xcconfig */,
			);
			name = Pods;
			sourceTree = "<group>";
		};
/* End PBXGroup section */

/* Begin PBXNativeTarget section */
		3469661F1D5262CE0026FDD0 /* Flappy Pres */ = {
			isa = PBXNativeTarget;
			buildConfigurationList = 3469664C1D5262CE0026FDD0 /* Build configuration list for PBXNativeTarget "Flappy Pres" */;
			buildPhases = (
				226528AD50F3DE63A1DDE4A0 /* Check Pods Manifest.lock */,
				3469661C1D5262CE0026FDD0 /* Sources */,
				3469661D1D5262CE0026FDD0 /* Frameworks */,
				3469661E1D5262CE0026FDD0 /* Resources */,
				CDAD596F66EA44D399377AFB /* Embed Pods Frameworks */,
				57A5B5777CF0957DFAC63B55 /* Copy Pods Resources */,
			);
			buildRules = (
			);
			dependencies = (
			);
			name = "Flappy Pres";
			productName = "Flappy Pres";
			productReference = 346966201D5262CE0026FDD0 /* Flappy Pres.app */;
			productType = "com.apple.product-type.application";
		};
		346966371D5262CE0026FDD0 /* Flappy PresTests */ = {
			isa = PBXNativeTarget;
			buildConfigurationList = 3469664F1D5262CE0026FDD0 /* Build configuration list for PBXNativeTarget "Flappy PresTests" */;
			buildPhases = (
				346966341D5262CE0026FDD0 /* Sources */,
				346966351D5262CE0026FDD0 /* Frameworks */,
				346966361D5262CE0026FDD0 /* Resources */,
			);
			buildRules = (
			);
			dependencies = (
				3469663A1D5262CE0026FDD0 /* PBXTargetDependency */,
			);
			name = "Flappy PresTests";
			productName = "Flappy PresTests";
			productReference = 346966381D5262CE0026FDD0 /* Flappy PresTests.xctest */;
			productType = "com.apple.product-type.bundle.unit-test";
		};
		346966421D5262CE0026FDD0 /* Flappy PresUITests */ = {
			isa = PBXNativeTarget;
			buildConfigurationList = 346966521D5262CE0026FDD0 /* Build configuration list for PBXNativeTarget "Flappy PresUITests" */;
			buildPhases = (
				3469663F1D5262CE0026FDD0 /* Sources */,
				346966401D5262CE0026FDD0 /* Frameworks */,
				346966411D5262CE0026FDD0 /* Resources */,
			);
			buildRules = (
			);
			dependencies = (
				346966451D5262CE0026FDD0 /* PBXTargetDependency */,
			);
			name = "Flappy PresUITests";
			productName = "Flappy PresUITests";
			productReference = 346966431D5262CE0026FDD0 /* Flappy PresUITests.xctest */;
			productType = "com.apple.product-type.bundle.ui-testing";
		};
/* End PBXNativeTarget section */

/* Begin PBXProject section */
		346966181D5262CE0026FDD0 /* Project object */ = {
			isa = PBXProject;
			attributes = {
				LastSwiftUpdateCheck = 0730;
				LastUpgradeCheck = 0730;
				ORGANIZATIONNAME = "Derek Dawson";
				TargetAttributes = {
					3469661F1D5262CE0026FDD0 = {
						CreatedOnToolsVersion = 7.3;
					};
					346966371D5262CE0026FDD0 = {
						CreatedOnToolsVersion = 7.3;
						TestTargetID = 3469661F1D5262CE0026FDD0;
					};
					346966421D5262CE0026FDD0 = {
						CreatedOnToolsVersion = 7.3;
						TestTargetID = 3469661F1D5262CE0026FDD0;
					};
				};
			};
			buildConfigurationList = 3469661B1D5262CE0026FDD0 /* Build configuration list for PBXProject "Flappy Pres" */;
			compatibilityVersion = "Xcode 3.2";
			developmentRegion = English;
			hasScannedForEncodings = 0;
			knownRegions = (
				en,
				Base,
			);
			mainGroup = 346966171D5262CE0026FDD0;
			productRefGroup = 346966211D5262CE0026FDD0 /* Products */;
			projectDirPath = "";
			projectRoot = "";
			targets = (
				3469661F1D5262CE0026FDD0 /* Flappy Pres */,
				346966371D5262CE0026FDD0 /* Flappy PresTests */,
				346966421D5262CE0026FDD0 /* Flappy PresUITests */,
			);
		};
/* End PBXProject section */

/* Begin PBXResourcesBuildPhase section */
		3469661E1D5262CE0026FDD0 /* Resources */ = {
			isa = PBXResourcesBuildPhase;
			buildActionMask = 2147483647;
			files = (
				34101CA51D556AC9004143E9 /* hillary_sound1.wav in Resources */,
				34101C9C1D556AB3004143E9 /* donald_sound5.wav in Resources */,
				34101CA81D556AC9004143E9 /* hillary_sound4.wav in Resources */,
				34E8F2331D52684F003651F7 /* sfx_wing.mp3 in Resources */,
				34101C9E1D556AB3004143E9 /* donald_sound7.wav in Resources */,
				34101C961D556AB3004143E9 /* donald_sound_death3.wav in Resources */,
				34101C951D556AB3004143E9 /* donald_sound_death2.wav in Resources */,
				34101CC11D5A7A30004143E9 /* hillary_sound_death4.wav in Resources */,
				34E8F2321D52684F003651F7 /* sfx_swooshing.mp3 in Resources */,
				34101CB91D5A7A24004143E9 /* hillary_sound6.wav in Resources */,
				34E8F2311D52684F003651F7 /* hit.mp3 in Resources */,
				34101C9D1D556AB3004143E9 /* donald_sound6.wav in Resources */,
				34101C971D556AB3004143E9 /* donald_sound_death4.wav in Resources */,
				34101CBF1D5A7A30004143E9 /* hillary_sound_death2.wav in Resources */,
				346966261D5262CE0026FDD0 /* GameScene.sks in Resources */,
				348B8F8A1D533C9A000C2360 /* GoogleService-Info.plist in Resources */,
				34101C9B1D556AB3004143E9 /* donald_sound4.wav in Resources */,
				34101C9F1D556AB3004143E9 /* donald_sound8.wav in Resources */,
				34101CA71D556AC9004143E9 /* hillary_sound3.wav in Resources */,
				34101CA91D556AC9004143E9 /* hillary_sound5.wav in Resources */,
				346966321D5262CE0026FDD0 /* LaunchScreen.storyboard in Resources */,
				3469662F1D5262CE0026FDD0 /* Assets.xcassets in Resources */,
				34101C9A1D556AB3004143E9 /* donald_sound3.wav in Resources */,
				34101C941D556AB3004143E9 /* donald_sound_death1.wav in Resources */,
				34101CC01D5A7A30004143E9 /* hillary_sound_death3.wav in Resources */,
				3469662D1D5262CE0026FDD0 /* Main.storyboard in Resources */,
				34101CBE1D5A7A30004143E9 /* hillary_sound_death1.wav in Resources */,
				34101C991D556AB3004143E9 /* donald_sound2.wav in Resources */,
				34101CA61D556AC9004143E9 /* hillary_sound2.wav in Resources */,
				34101C981D556AB3004143E9 /* donald_sound1.wav in Resources */,
				34E8F2301D52684F003651F7 /* coin.mp3 in Resources */,
			);
			runOnlyForDeploymentPostprocessing = 0;
		};
		346966361D5262CE0026FDD0 /* Resources */ = {
			isa = PBXResourcesBuildPhase;
			buildActionMask = 2147483647;
			files = (
			);
			runOnlyForDeploymentPostprocessing = 0;
		};
		346966411D5262CE0026FDD0 /* Resources */ = {
			isa = PBXResourcesBuildPhase;
			buildActionMask = 2147483647;
			files = (
			);
			runOnlyForDeploymentPostprocessing = 0;
		};
/* End PBXResourcesBuildPhase section */

/* Begin PBXShellScriptBuildPhase section */
		226528AD50F3DE63A1DDE4A0 /* Check Pods Manifest.lock */ = {
			isa = PBXShellScriptBuildPhase;
			buildActionMask = 2147483647;
			files = (
			);
			inputPaths = (
			);
			name = "Check Pods Manifest.lock";
			outputPaths = (
			);
			runOnlyForDeploymentPostprocessing = 0;
			shellPath = /bin/sh;
			shellScript = "diff \"${PODS_ROOT}/../Podfile.lock\" \"${PODS_ROOT}/Manifest.lock\" > /dev/null\nif [[ $? != 0 ]] ; then\n    cat << EOM\nerror: The sandbox is not in sync with the Podfile.lock. Run 'pod install' or update your CocoaPods installation.\nEOM\n    exit 1\nfi\n";
			showEnvVarsInLog = 0;
		};
		57A5B5777CF0957DFAC63B55 /* Copy Pods Resources */ = {
			isa = PBXShellScriptBuildPhase;
			buildActionMask = 2147483647;
			files = (
			);
			inputPaths = (
			);
			name = "Copy Pods Resources";
			outputPaths = (
			);
			runOnlyForDeploymentPostprocessing = 0;
			shellPath = /bin/sh;
			shellScript = "\"${SRCROOT}/Pods/Target Support Files/Pods/Pods-resources.sh\"\n";
			showEnvVarsInLog = 0;
		};
		CDAD596F66EA44D399377AFB /* Embed Pods Frameworks */ = {
			isa = PBXShellScriptBuildPhase;
			buildActionMask = 2147483647;
			files = (
			);
			inputPaths = (
			);
			name = "Embed Pods Frameworks";
			outputPaths = (
			);
			runOnlyForDeploymentPostprocessing = 0;
			shellPath = /bin/sh;
			shellScript = "\"${SRCROOT}/Pods/Target Support Files/Pods/Pods-frameworks.sh\"\n";
			showEnvVarsInLog = 0;
		};
/* End PBXShellScriptBuildPhase section */

/* Begin PBXSourcesBuildPhase section */
		3469661C1D5262CE0026FDD0 /* Sources */ = {
			isa = PBXSourcesBuildPhase;
			buildActionMask = 2147483647;
			files = (
				346966281D5262CE0026FDD0 /* GameScene.swift in Sources */,
				346966561D5263AB0026FDD0 /* MenuScene.swift in Sources */,
				34101CAF1D56B52F004143E9 /* Reachability.swift in Sources */,
				346966581D5263C00026FDD0 /* PhysicsCategory.swift in Sources */,
				3469662A1D5262CE0026FDD0 /* GameViewController.swift in Sources */,
				346966241D5262CE0026FDD0 /* AppDelegate.swift in Sources */,
			);
			runOnlyForDeploymentPostprocessing = 0;
		};
		346966341D5262CE0026FDD0 /* Sources */ = {
			isa = PBXSourcesBuildPhase;
			buildActionMask = 2147483647;
			files = (
				3469663D1D5262CE0026FDD0 /* Flappy_PresTests.swift in Sources */,
			);
			runOnlyForDeploymentPostprocessing = 0;
		};
		3469663F1D5262CE0026FDD0 /* Sources */ = {
			isa = PBXSourcesBuildPhase;
			buildActionMask = 2147483647;
			files = (
				346966481D5262CE0026FDD0 /* Flappy_PresUITests.swift in Sources */,
			);
			runOnlyForDeploymentPostprocessing = 0;
		};
/* End PBXSourcesBuildPhase section */

/* Begin PBXTargetDependency section */
		3469663A1D5262CE0026FDD0 /* PBXTargetDependency */ = {
			isa = PBXTargetDependency;
			target = 3469661F1D5262CE0026FDD0 /* Flappy Pres */;
			targetProxy = 346966391D5262CE0026FDD0 /* PBXContainerItemProxy */;
		};
		346966451D5262CE0026FDD0 /* PBXTargetDependency */ = {
			isa = PBXTargetDependency;
			target = 3469661F1D5262CE0026FDD0 /* Flappy Pres */;
			targetProxy = 346966441D5262CE0026FDD0 /* PBXContainerItemProxy */;
		};
/* End PBXTargetDependency section */

/* Begin PBXVariantGroup section */
		3469662B1D5262CE0026FDD0 /* Main.storyboard */ = {
			isa = PBXVariantGroup;
			children = (
				3469662C1D5262CE0026FDD0 /* Base */,
			);
			name = Main.storyboard;
			sourceTree = "<group>";
		};
		346966301D5262CE0026FDD0 /* LaunchScreen.storyboard */ = {
			isa = PBXVariantGroup;
			children = (
				346966311D5262CE0026FDD0 /* Base */,
			);
			name = LaunchScreen.storyboard;
			sourceTree = "<group>";
		};
/* End PBXVariantGroup section */

/* Begin XCBuildConfiguration section */
		3469664A1D5262CE0026FDD0 /* Debug */ = {
			isa = XCBuildConfiguration;
			buildSettings = {
				ALWAYS_SEARCH_USER_PATHS = NO;
				CLANG_ANALYZER_NONNULL = YES;
				CLANG_CXX_LANGUAGE_STANDARD = "gnu++0x";
				CLANG_CXX_LIBRARY = "libc++";
				CLANG_ENABLE_MODULES = YES;
				CLANG_ENABLE_OBJC_ARC = YES;
				CLANG_WARN_BOOL_CONVERSION = YES;
				CLANG_WARN_CONSTANT_CONVERSION = YES;
				CLANG_WARN_DIRECT_OBJC_ISA_USAGE = YES_ERROR;
				CLANG_WARN_EMPTY_BODY = YES;
				CLANG_WARN_ENUM_CONVERSION = YES;
				CLANG_WARN_INT_CONVERSION = YES;
				CLANG_WARN_OBJC_ROOT_CLASS = YES_ERROR;
				CLANG_WARN_UNREACHABLE_CODE = YES;
				CLANG_WARN__DUPLICATE_METHOD_MATCH = YES;
				"CODE_SIGN_IDENTITY[sdk=iphoneos*]" = "iPhone Developer";
				COPY_PHASE_STRIP = NO;
				DEBUG_INFORMATION_FORMAT = "dwarf-with-dsym";
				ENABLE_STRICT_OBJC_MSGSEND = YES;
				ENABLE_TESTABILITY = YES;
				GCC_C_LANGUAGE_STANDARD = gnu99;
				GCC_DYNAMIC_NO_PIC = NO;
				GCC_NO_COMMON_BLOCKS = YES;
				GCC_OPTIMIZATION_LEVEL = 0;
				GCC_PREPROCESSOR_DEFINITIONS = (
					"DEBUG=1",
					"$(inherited)",
				);
				GCC_WARN_64_TO_32_BIT_CONVERSION = YES;
				GCC_WARN_ABOUT_RETURN_TYPE = YES_ERROR;
				GCC_WARN_UNDECLARED_SELECTOR = YES;
				GCC_WARN_UNINITIALIZED_AUTOS = YES_AGGRESSIVE;
				GCC_WARN_UNUSED_FUNCTION = YES;
				GCC_WARN_UNUSED_VARIABLE = YES;
				IPHONEOS_DEPLOYMENT_TARGET = 9.3;
				MTL_ENABLE_DEBUG_INFO = YES;
				ONLY_ACTIVE_ARCH = YES;
				SDKROOT = iphoneos;
				SWIFT_OPTIMIZATION_LEVEL = "-Onone";
			};
			name = Debug;
		};
		3469664B1D5262CE0026FDD0 /* Release */ = {
			isa = XCBuildConfiguration;
			buildSettings = {
				ALWAYS_SEARCH_USER_PATHS = NO;
				CLANG_ANALYZER_NONNULL = YES;
				CLANG_CXX_LANGUAGE_STANDARD = "gnu++0x";
				CLANG_CXX_LIBRARY = "libc++";
				CLANG_ENABLE_MODULES = YES;
				CLANG_ENABLE_OBJC_ARC = YES;
				CLANG_WARN_BOOL_CONVERSION = YES;
				CLANG_WARN_CONSTANT_CONVERSION = YES;
				CLANG_WARN_DIRECT_OBJC_ISA_USAGE = YES_ERROR;
				CLANG_WARN_EMPTY_BODY = YES;
				CLANG_WARN_ENUM_CONVERSION = YES;
				CLANG_WARN_INT_CONVERSION = YES;
				CLANG_WARN_OBJC_ROOT_CLASS = YES_ERROR;
				CLANG_WARN_UNREACHABLE_CODE = YES;
				CLANG_WARN__DUPLICATE_METHOD_MATCH = YES;
				"CODE_SIGN_IDENTITY[sdk=iphoneos*]" = "iPhone Developer";
				COPY_PHASE_STRIP = NO;
				DEBUG_INFORMATION_FORMAT = "dwarf-with-dsym";
				ENABLE_NS_ASSERTIONS = NO;
				ENABLE_STRICT_OBJC_MSGSEND = YES;
				GCC_C_LANGUAGE_STANDARD = gnu99;
				GCC_NO_COMMON_BLOCKS = YES;
				GCC_WARN_64_TO_32_BIT_CONVERSION = YES;
				GCC_WARN_ABOUT_RETURN_TYPE = YES_ERROR;
				GCC_WARN_UNDECLARED_SELECTOR = YES;
				GCC_WARN_UNINITIALIZED_AUTOS = YES_AGGRESSIVE;
				GCC_WARN_UNUSED_FUNCTION = YES;
				GCC_WARN_UNUSED_VARIABLE = YES;
				IPHONEOS_DEPLOYMENT_TARGET = 9.3;
				MTL_ENABLE_DEBUG_INFO = NO;
				SDKROOT = iphoneos;
				VALIDATE_PRODUCT = YES;
			};
			name = Release;
		};
		3469664D1D5262CE0026FDD0 /* Debug */ = {
			isa = XCBuildConfiguration;
			baseConfigurationReference = 0633966DEF8D9B85D2671B1C /* Pods.debug.xcconfig */;
			buildSettings = {
				ASSETCATALOG_COMPILER_APPICON_NAME = AppIcon;
				FRAMEWORK_SEARCH_PATHS = (
					"$(inherited)",
					"$(PROJECT_DIR)/Flappy",
					Pres,
					"$(PROJECT_DIR)/Flappy",
					Pres,
					"$(PROJECT_DIR)/Flappy",
					Pres,
					"$(PROJECT_DIR)/Flappy",
					Pres,
					"$(PROJECT_DIR)/Flappy",
					Pres,
					"$(PROJECT_DIR)/Flappy",
					Pres,
					"$(PROJECT_DIR)/Flappy",
					Pres,
					"$(PROJECT_DIR)/Flappy",
					Pres,
					"$(PROJECT_DIR)/Flappy",
					Pres,
					"$(PROJECT_DIR)/Flappy",
					Pres,
					"$(PROJECT_DIR)/Flappy",
					Pres,
					"$(PROJECT_DIR)/Flappy",
					Pres,
					"$(PROJECT_DIR)/Flappy",
					Pres,
					"$(PROJECT_DIR)/Flappy",
					Pres,
					"$(PROJECT_DIR)/Flappy",
					Pres,
					"$(PROJECT_DIR)/Flappy",
					Pres,
				);
				INFOPLIST_FILE = "Flappy Pres/Info.plist";
				IPHONEOS_DEPLOYMENT_TARGET = 9.1;
				LD_RUNPATH_SEARCH_PATHS = "$(inherited) @executable_path/Frameworks";
				OTHER_LDFLAGS = (
					"$(inherited)",
					"-ObjC",
					"-l\"Bolts\"",
					"-l\"Parse\"",
					"-l\"sqlite3\"",
					"-l\"z\"",
					"-framework",
					"\"AudioToolbox\"",
					"-framework",
					"\"CFNetwork\"",
					"-framework",
					"\"CoreGraphics\"",
					"-framework",
					"\"CoreLocation\"",
					"-framework",
					"\"QuartzCore\"",
					"-framework",
					"\"Security\"",
					"-framework",
					"\"StoreKit\"",
					"-framework",
					"\"SystemConfiguration\"",
					"-weak_framework",
					"\"Accounts\"",
					"-weak_framework",
					"\"Social\"",
				);
				PRODUCT_BUNDLE_IDENTIFIER = "com.flappy-president";
				PRODUCT_NAME = "$(TARGET_NAME)";
				SWIFT_OBJC_BRIDGING_HEADER = "/Users/derekdawson/Documents/flappy bird/Flappy Pres/Flappy Pres/Header.h";
			};
			name = Debug;
		};
		3469664E1D5262CE0026FDD0 /* Release */ = {
			isa = XCBuildConfiguration;
			baseConfigurationReference = 0B4C972A710FF17F97B1A410 /* Pods.release.xcconfig */;
			buildSettings = {
				ASSETCATALOG_COMPILER_APPICON_NAME = AppIcon;
				FRAMEWORK_SEARCH_PATHS = (
					"$(inherited)",
					"$(PROJECT_DIR)/Flappy",
					Pres,
					"$(PROJECT_DIR)/Flappy",
					Pres,
					"$(PROJECT_DIR)/Flappy",
					Pres,
					"$(PROJECT_DIR)/Flappy",
					Pres,
					"$(PROJECT_DIR)/Flappy",
					Pres,
					"$(PROJECT_DIR)/Flappy",
					Pres,
					"$(PROJECT_DIR)/Flappy",
					Pres,
					"$(PROJECT_DIR)/Flappy",
					Pres,
					"$(PROJECT_DIR)/Flappy",
					Pres,
					"$(PROJECT_DIR)/Flappy",
					Pres,
					"$(PROJECT_DIR)/Flappy",
					Pres,
					"$(PROJECT_DIR)/Flappy",
					Pres,
					"$(PROJECT_DIR)/Flappy",
					Pres,
					"$(PROJECT_DIR)/Flappy",
					Pres,
					"$(PROJECT_DIR)/Flappy",
					Pres,
					"$(PROJECT_DIR)/Flappy",
					Pres,
				);
				INFOPLIST_FILE = "Flappy Pres/Info.plist";
				IPHONEOS_DEPLOYMENT_TARGET = 9.1;
				LD_RUNPATH_SEARCH_PATHS = "$(inherited) @executable_path/Frameworks";
				OTHER_LDFLAGS = (
					"$(inherited)",
					"-ObjC",
					"-l\"Bolts\"",
					"-l\"Parse\"",
					"-l\"sqlite3\"",
					"-l\"z\"",
					"-framework",
					"\"AudioToolbox\"",
					"-framework",
					"\"CFNetwork\"",
					"-framework",
					"\"CoreGraphics\"",
					"-framework",
					"\"CoreLocation\"",
					"-framework",
					"\"QuartzCore\"",
					"-framework",
					"\"Security\"",
					"-framework",
					"\"StoreKit\"",
					"-framework",
					"\"SystemConfiguration\"",
					"-weak_framework",
					"\"Accounts\"",
					"-weak_framework",
					"\"Social\"",
				);
				PRODUCT_BUNDLE_IDENTIFIER = "com.flappy-president";
				PRODUCT_NAME = "$(TARGET_NAME)";
				SWIFT_OBJC_BRIDGING_HEADER = "/Users/derekdawson/Documents/flappy bird/Flappy Pres/Flappy Pres/Header.h";
			};
			name = Release;
		};
		346966501D5262CE0026FDD0 /* Debug */ = {
			isa = XCBuildConfiguration;
			buildSettings = {
				BUNDLE_LOADER = "$(TEST_HOST)";
				DEBUG_INFORMATION_FORMAT = dwarf;
				INFOPLIST_FILE = "Flappy PresTests/Info.plist";
				LD_RUNPATH_SEARCH_PATHS = "$(inherited) @executable_path/Frameworks @loader_path/Frameworks";
				PRODUCT_BUNDLE_IDENTIFIER = "com.Flappy-PresTests";
				PRODUCT_NAME = "$(TARGET_NAME)";
				TEST_HOST = "$(BUILT_PRODUCTS_DIR)/Flappy Pres.app/Flappy Pres";
			};
			name = Debug;
		};
		346966511D5262CE0026FDD0 /* Release */ = {
			isa = XCBuildConfiguration;
			buildSettings = {
				BUNDLE_LOADER = "$(TEST_HOST)";
				INFOPLIST_FILE = "Flappy PresTests/Info.plist";
				LD_RUNPATH_SEARCH_PATHS = "$(inherited) @executable_path/Frameworks @loader_path/Frameworks";
				PRODUCT_BUNDLE_IDENTIFIER = "com.Flappy-PresTests";
				PRODUCT_NAME = "$(TARGET_NAME)";
				TEST_HOST = "$(BUILT_PRODUCTS_DIR)/Flappy Pres.app/Flappy Pres";
			};
			name = Release;
		};
		346966531D5262CE0026FDD0 /* Debug */ = {
			isa = XCBuildConfiguration;
			buildSettings = {
				DEBUG_INFORMATION_FORMAT = dwarf;
				INFOPLIST_FILE = "Flappy PresUITests/Info.plist";
				LD_RUNPATH_SEARCH_PATHS = "$(inherited) @executable_path/Frameworks @loader_path/Frameworks";
				PRODUCT_BUNDLE_IDENTIFIER = "com.Flappy-PresUITests";
				PRODUCT_NAME = "$(TARGET_NAME)";
				TEST_TARGET_NAME = "Flappy Pres";
			};
			name = Debug;
		};
		346966541D5262CE0026FDD0 /* Release */ = {
			isa = XCBuildConfiguration;
			buildSettings = {
				INFOPLIST_FILE = "Flappy PresUITests/Info.plist";
				LD_RUNPATH_SEARCH_PATHS = "$(inherited) @executable_path/Frameworks @loader_path/Frameworks";
				PRODUCT_BUNDLE_IDENTIFIER = "com.Flappy-PresUITests";
				PRODUCT_NAME = "$(TARGET_NAME)";
				TEST_TARGET_NAME = "Flappy Pres";
			};
			name = Release;
		};
/* End XCBuildConfiguration section */

/* Begin XCConfigurationList section */
		3469661B1D5262CE0026FDD0 /* Build configuration list for PBXProject "Flappy Pres" */ = {
			isa = XCConfigurationList;
			buildConfigurations = (
				3469664A1D5262CE0026FDD0 /* Debug */,
				3469664B1D5262CE0026FDD0 /* Release */,
			);
			defaultConfigurationIsVisible = 0;
			defaultConfigurationName = Release;
		};
		3469664C1D5262CE0026FDD0 /* Build configuration list for PBXNativeTarget "Flappy Pres" */ = {
			isa = XCConfigurationList;
			buildConfigurations = (
				3469664D1D5262CE0026FDD0 /* Debug */,
				3469664E1D5262CE0026FDD0 /* Release */,
			);
			defaultConfigurationIsVisible = 0;
			defaultConfigurationName = Release;
		};
		3469664F1D5262CE0026FDD0 /* Build configuration list for PBXNativeTarget "Flappy PresTests" */ = {
			isa = XCConfigurationList;
			buildConfigurations = (
				346966501D5262CE0026FDD0 /* Debug */,
				346966511D5262CE0026FDD0 /* Release */,
			);
			defaultConfigurationIsVisible = 0;
			defaultConfigurationName = Release;
		};
		346966521D5262CE0026FDD0 /* Build configuration list for PBXNativeTarget "Flappy PresUITests" */ = {
			isa = XCConfigurationList;
			buildConfigurations = (
				346966531D5262CE0026FDD0 /* Debug */,
				346966541D5262CE0026FDD0 /* Release */,
			);
			defaultConfigurationIsVisible = 0;
			defaultConfigurationName = Release;
		};
/* End XCConfigurationList section */
	};
	rootObject = 346966181D5262CE0026FDD0 /* Project object */;
}
